
Microsoft Visual Studio Solution File, Format Version 12.00
# Visual Studio 15
VisualStudioVersion = 15.0.28307.645
MinimumVisualStudioVersion = 10.0.40219.1
Project("{FAE04EC0-301F-11D3-BF4B-00C04F79EFBC}") = "SudokuForms", "SudokuForms\SudokuForms.csproj", "{C4174C3E-4F09-4B14-8FAF-AC46273404FF}"
EndProject
Project("{FAE04EC0-301F-11D3-BF4B-00C04F79EFBC}") = "GameEngine", "GameEngine\GameEngine.csproj", "{49A5E20B-C369-46D2-B0E2-0F2886905572}"
EndProject
Global
	GlobalSection(SolutionConfigurationPlatforms) = preSolution
		Debug|Any CPU = Debug|Any CPU
		Release|Any CPU = Release|Any CPU
	EndGlobalSection
	GlobalSection(ProjectConfigurationPlatforms) = postSolution
		{C4174C3E-4F09-4B14-8FAF-AC46273404FF}.Debug|Any CPU.ActiveCfg = Debug|Any CPU
		{C4174C3E-4F09-4B14-8FAF-AC46273404FF}.Debug|Any CPU.Build.0 = Debug|Any CPU
		{C4174C3E-4F09-4B14-8FAF-AC46273404FF}.Release|Any CPU.ActiveCfg = Release|Any CPU
		{C4174C3E-4F09-4B14-8FAF-AC46273404FF}.Release|Any CPU.Build.0 = Release|Any CPU
		{49A5E20B-C369-46D2-B0E2-0F2886905572}.Debug|Any CPU.ActiveCfg = Debug|Any CPU
		{49A5E20B-C369-46D2-B0E2-0F2886905572}.Debug|Any CPU.Build.0 = Debug|Any CPU
		{49A5E20B-C369-46D2-B0E2-0F2886905572}.Release|Any CPU.ActiveCfg = Release|Any CPU
		{49A5E20B-C369-46D2-B0E2-0F2886905572}.Release|Any CPU.Build.0 = Release|Any CPU
	EndGlobalSection
	GlobalSection(SolutionProperties) = preSolution
		HideSolutionNode = FALSE
	EndGlobalSection
	GlobalSection(ExtensibilityGlobals) = postSolution
		SolutionGuid = {4A5BFB92-7346-4CB2-86D8-1AC69CD9D11C}
	EndGlobalSection
EndGlobal
